{
  "name": "cap-pdb-compact-rtl-evidence",
  "lockfileVersion": 3,
  "requires": true,
  "packages": {
    "": {
      "name": "cap-pdb-compact-rtl-evidence",
      "devDependencies": {
        "@yowasp/yosys": "0.65.176-dev.1145"
      }
    },
    "node_modules/@yowasp/yosys": {
      "version": "0.65.176-dev.1145",
      "resolved": "https://registry.npmjs.org/@yowasp/yosys/-/yosys-0.65.176-dev.1145.tgz",
      "integrity": "sha512-hZH7yasusQwaxPcUdfza+37k0j7UmJC26Rj7Tz760Guqh3PPBLZ4/7Fi1Jcu+1/VGygxDNKZLcRHavba9tI8iQ==",
      "dev": true,
      "license": "ISC"
    }
  }
}
